// !$*UTF8*$!
{
	archiveVersion = 1;
	classes = {
	};
	objectVersion = 56;
	objects = {

/* Begin PBXBuildFile section */
		5091EDDB29C8F4C300FD1F23 /* MainNavigation.swift in Sources */ = {isa = PBXBuildFile; fileRef = 5091EDDA29C8F4C300FD1F23 /* MainNavigation.swift */; };
		5091EDE229C8F57A00FD1F23 /* HomePageTableViewController.swift in Sources */ = {isa = PBXBuildFile; fileRef = 5091EDE129C8F57A00FD1F23 /* HomePageTableViewController.swift */; };
		5091EDE329C8F57A00FD1F23 /* HomePageTableViewController.swift in Sources */ = {isa = PBXBuildFile; fileRef = 5091EDE129C8F57A00FD1F23 /* HomePageTableViewController.swift */; };
		5091EDE429C8F57A00FD1F23 /* HomePageTableViewController.swift in Sources */ = {isa = PBXBuildFile; fileRef = 5091EDE129C8F57A00FD1F23 /* HomePageTableViewController.swift */; };
		5091EDE629C8F96A00FD1F23 /* HomePageTableViewCell.swift in Sources */ = {isa = PBXBuildFile; fileRef = 5091EDE529C8F96A00FD1F23 /* HomePageTableViewCell.swift */; };
		5091EDE729C8F96A00FD1F23 /* HomePageTableViewCell.swift in Sources */ = {isa = PBXBuildFile; fileRef = 5091EDE529C8F96A00FD1F23 /* HomePageTableViewCell.swift */; };
		5091EDE829C8F96A00FD1F23 /* HomePageTableViewCell.swift in Sources */ = {isa = PBXBuildFile; fileRef = 5091EDE529C8F96A00FD1F23 /* HomePageTableViewCell.swift */; };
		5091EDEA29C8FA0700FD1F23 /* ConstraintManager.swift in Sources */ = {isa = PBXBuildFile; fileRef = 5091EDE929C8FA0700FD1F23 /* ConstraintManager.swift */; };
		5091EDEB29C8FA0700FD1F23 /* ConstraintManager.swift in Sources */ = {isa = PBXBuildFile; fileRef = 5091EDE929C8FA0700FD1F23 /* ConstraintManager.swift */; };
		5091EDEC29C8FA0700FD1F23 /* ConstraintManager.swift in Sources */ = {isa = PBXBuildFile; fileRef = 5091EDE929C8FA0700FD1F23 /* ConstraintManager.swift */; };
		5091EDEF29C8FA5800FD1F23 /* UIViewExtension.swift in Sources */ = {isa = PBXBuildFile; fileRef = 5091EDEE29C8FA5800FD1F23 /* UIViewExtension.swift */; };
		5091EDF029C8FA5800FD1F23 /* UIViewExtension.swift in Sources */ = {isa = PBXBuildFile; fileRef = 5091EDEE29C8FA5800FD1F23 /* UIViewExtension.swift */; };
		5091EDF129C8FA5800FD1F23 /* UIViewExtension.swift in Sources */ = {isa = PBXBuildFile; fileRef = 5091EDEE29C8FA5800FD1F23 /* UIViewExtension.swift */; };
		5091EDF329C8FD8A00FD1F23 /* HomePageVM.swift in Sources */ = {isa = PBXBuildFile; fileRef = 5091EDF229C8FD8A00FD1F23 /* HomePageVM.swift */; };
		5091EDF429C8FD8A00FD1F23 /* HomePageVM.swift in Sources */ = {isa = PBXBuildFile; fileRef = 5091EDF229C8FD8A00FD1F23 /* HomePageVM.swift */; };
		5091EDF529C8FD8A00FD1F23 /* HomePageVM.swift in Sources */ = {isa = PBXBuildFile; fileRef = 5091EDF229C8FD8A00FD1F23 /* HomePageVM.swift */; };
		5091EDF729C8FDD400FD1F23 /* HomePageService.swift in Sources */ = {isa = PBXBuildFile; fileRef = 5091EDF629C8FDD400FD1F23 /* HomePageService.swift */; };
		5091EDF829C8FDD400FD1F23 /* HomePageService.swift in Sources */ = {isa = PBXBuildFile; fileRef = 5091EDF629C8FDD400FD1F23 /* HomePageService.swift */; };
		5091EDF929C8FDD400FD1F23 /* HomePageService.swift in Sources */ = {isa = PBXBuildFile; fileRef = 5091EDF629C8FDD400FD1F23 /* HomePageService.swift */; };
		5091EDFC29C8FE6000FD1F23 /* ApiManager.swift in Sources */ = {isa = PBXBuildFile; fileRef = 5091EDFB29C8FE6000FD1F23 /* ApiManager.swift */; };
		5091EDFD29C8FE6000FD1F23 /* ApiManager.swift in Sources */ = {isa = PBXBuildFile; fileRef = 5091EDFB29C8FE6000FD1F23 /* ApiManager.swift */; };
		5091EDFE29C8FE6000FD1F23 /* ApiManager.swift in Sources */ = {isa = PBXBuildFile; fileRef = 5091EDFB29C8FE6000FD1F23 /* ApiManager.swift */; };
		5091EE0029C903B800FD1F23 /* Item.swift in Sources */ = {isa = PBXBuildFile; fileRef = 5091EDFF29C903B800FD1F23 /* Item.swift */; };
		5091EE0129C903B800FD1F23 /* Item.swift in Sources */ = {isa = PBXBuildFile; fileRef = 5091EDFF29C903B800FD1F23 /* Item.swift */; };
		5091EE0229C903B800FD1F23 /* Item.swift in Sources */ = {isa = PBXBuildFile; fileRef = 5091EDFF29C903B800FD1F23 /* Item.swift */; };
		5091EE0429C9055600FD1F23 /* Constant.swift in Sources */ = {isa = PBXBuildFile; fileRef = 5091EE0329C9055600FD1F23 /* Constant.swift */; };
		5091EE0529C9055600FD1F23 /* Constant.swift in Sources */ = {isa = PBXBuildFile; fileRef = 5091EE0329C9055600FD1F23 /* Constant.swift */; };
		5091EE0629C9055600FD1F23 /* Constant.swift in Sources */ = {isa = PBXBuildFile; fileRef = 5091EE0329C9055600FD1F23 /* Constant.swift */; };
		5091EE0829C910AB00FD1F23 /* Filter.swift in Sources */ = {isa = PBXBuildFile; fileRef = 5091EE0729C910AB00FD1F23 /* Filter.swift */; };
		5091EE0929C910AB00FD1F23 /* Filter.swift in Sources */ = {isa = PBXBuildFile; fileRef = 5091EE0729C910AB00FD1F23 /* Filter.swift */; };
		5091EE0A29C910AB00FD1F23 /* Filter.swift in Sources */ = {isa = PBXBuildFile; fileRef = 5091EE0729C910AB00FD1F23 /* Filter.swift */; };
		5092EBD029C969C200550CC9 /* DetailPageController.swift in Sources */ = {isa = PBXBuildFile; fileRef = 5092EBCF29C969C200550CC9 /* DetailPageController.swift */; };
		5092EBD129C969C200550CC9 /* DetailPageController.swift in Sources */ = {isa = PBXBuildFile; fileRef = 5092EBCF29C969C200550CC9 /* DetailPageController.swift */; };
		5092EBD229C969C200550CC9 /* DetailPageController.swift in Sources */ = {isa = PBXBuildFile; fileRef = 5092EBCF29C969C200550CC9 /* DetailPageController.swift */; };
		50F1217129C805F2000EE47A /* AppDelegate.swift in Sources */ = {isa = PBXBuildFile; fileRef = 50F1217029C805F2000EE47A /* AppDelegate.swift */; };
		50F1217329C805F2000EE47A /* SceneDelegate.swift in Sources */ = {isa = PBXBuildFile; fileRef = 50F1217229C805F2000EE47A /* SceneDelegate.swift */; };
		50F1217A29C805F3000EE47A /* Assets.xcassets in Resources */ = {isa = PBXBuildFile; fileRef = 50F1217929C805F3000EE47A /* Assets.xcassets */; };
		50F1217D29C805F3000EE47A /* LaunchScreen.storyboard in Resources */ = {isa = PBXBuildFile; fileRef = 50F1217B29C805F3000EE47A /* LaunchScreen.storyboard */; };
		50F1218829C805F3000EE47A /* LeBonCoinTests.swift in Sources */ = {isa = PBXBuildFile; fileRef = 50F1218729C805F3000EE47A /* LeBonCoinTests.swift */; };
		50F1219229C805F3000EE47A /* LeBonCoinUITests.swift in Sources */ = {isa = PBXBuildFile; fileRef = 50F1219129C805F3000EE47A /* LeBonCoinUITests.swift */; };
		50F1219429C805F3000EE47A /* LeBonCoinUITestsLaunchTests.swift in Sources */ = {isa = PBXBuildFile; fileRef = 50F1219329C805F3000EE47A /* LeBonCoinUITestsLaunchTests.swift */; };
/* End PBXBuildFile section */

/* Begin PBXContainerItemProxy section */
		50F1218429C805F3000EE47A /* PBXContainerItemProxy */ = {
			isa = PBXContainerItemProxy;
			containerPortal = 50F1216529C805F2000EE47A /* Project object */;
			proxyType = 1;
			remoteGlobalIDString = 50F1216C29C805F2000EE47A;
			remoteInfo = LeBonCoin;
		};
		50F1218E29C805F3000EE47A /* PBXContainerItemProxy */ = {
			isa = PBXContainerItemProxy;
			containerPortal = 50F1216529C805F2000EE47A /* Project object */;
			proxyType = 1;
			remoteGlobalIDString = 50F1216C29C805F2000EE47A;
			remoteInfo = LeBonCoin;
		};
/* End PBXContainerItemProxy section */

/* Begin PBXFileReference section */
		5091EDDA29C8F4C300FD1F23 /* MainNavigation.swift */ = {isa = PBXFileReference; lastKnownFileType = sourcecode.swift; path = MainNavigation.swift; sourceTree = "<group>"; };
		5091EDE129C8F57A00FD1F23 /* HomePageTableViewController.swift */ = {isa = PBXFileReference; lastKnownFileType = sourcecode.swift; path = HomePageTableViewController.swift; sourceTree = "<group>"; };
		5091EDE529C8F96A00FD1F23 /* HomePageTableViewCell.swift */ = {isa = PBXFileReference; lastKnownFileType = sourcecode.swift; path = HomePageTableViewCell.swift; sourceTree = "<group>"; };
		5091EDE929C8FA0700FD1F23 /* ConstraintManager.swift */ = {isa = PBXFileReference; lastKnownFileType = sourcecode.swift; path = ConstraintManager.swift; sourceTree = "<group>"; };
		5091EDEE29C8FA5800FD1F23 /* UIViewExtension.swift */ = {isa = PBXFileReference; lastKnownFileType = sourcecode.swift; path = UIViewExtension.swift; sourceTree = "<group>"; };
		5091EDF229C8FD8A00FD1F23 /* HomePageVM.swift */ = {isa = PBXFileReference; lastKnownFileType = sourcecode.swift; path = HomePageVM.swift; sourceTree = "<group>"; };
		5091EDF629C8FDD400FD1F23 /* HomePageService.swift */ = {isa = PBXFileReference; lastKnownFileType = sourcecode.swift; path = HomePageService.swift; sourceTree = "<group>"; };
		5091EDFB29C8FE6000FD1F23 /* ApiManager.swift */ = {isa = PBXFileReference; lastKnownFileType = sourcecode.swift; path = ApiManager.swift; sourceTree = "<group>"; };
		5091EDFF29C903B800FD1F23 /* Item.swift */ = {isa = PBXFileReference; lastKnownFileType = sourcecode.swift; path = Item.swift; sourceTree = "<group>"; };
		5091EE0329C9055600FD1F23 /* Constant.swift */ = {isa = PBXFileReference; lastKnownFileType = sourcecode.swift; path = Constant.swift; sourceTree = "<group>"; };
		5091EE0729C910AB00FD1F23 /* Filter.swift */ = {isa = PBXFileReference; lastKnownFileType = sourcecode.swift; path = Filter.swift; sourceTree = "<group>"; };
		5092EBCF29C969C200550CC9 /* DetailPageController.swift */ = {isa = PBXFileReference; lastKnownFileType = sourcecode.swift; path = DetailPageController.swift; sourceTree = "<group>"; };
		50F1216D29C805F2000EE47A /* LeBonCoin.app */ = {isa = PBXFileReference; explicitFileType = wrapper.application; includeInIndex = 0; path = LeBonCoin.app; sourceTree = BUILT_PRODUCTS_DIR; };
		50F1217029C805F2000EE47A /* AppDelegate.swift */ = {isa = PBXFileReference; lastKnownFileType = sourcecode.swift; path = AppDelegate.swift; sourceTree = "<group>"; };
		50F1217229C805F2000EE47A /* SceneDelegate.swift */ = {isa = PBXFileReference; lastKnownFileType = sourcecode.swift; path = SceneDelegate.swift; sourceTree = "<group>"; };
		50F1217929C805F3000EE47A /* Assets.xcassets */ = {isa = PBXFileReference; lastKnownFileType = folder.assetcatalog; path = Assets.xcassets; sourceTree = "<group>"; };
		50F1217C29C805F3000EE47A /* Base */ = {isa = PBXFileReference; lastKnownFileType = file.storyboard; name = Base; path = Base.lproj/LaunchScreen.storyboard; sourceTree = "<group>"; };
		50F1217E29C805F3000EE47A /* Info.plist */ = {isa = PBXFileReference; lastKnownFileType = text.plist.xml; path = Info.plist; sourceTree = "<group>"; };
		50F1218329C805F3000EE47A /* LeBonCoinTests.xctest */ = {isa = PBXFileReference; explicitFileType = wrapper.cfbundle; includeInIndex = 0; path = LeBonCoinTests.xctest; sourceTree = BUILT_PRODUCTS_DIR; };
		50F1218729C805F3000EE47A /* LeBonCoinTests.swift */ = {isa = PBXFileReference; lastKnownFileType = sourcecode.swift; path = LeBonCoinTests.swift; sourceTree = "<group>"; };
		50F1218D29C805F3000EE47A /* LeBonCoinUITests.xctest */ = {isa = PBXFileReference; explicitFileType = wrapper.cfbundle; includeInIndex = 0; path = LeBonCoinUITests.xctest; sourceTree = BUILT_PRODUCTS_DIR; };
		50F1219129C805F3000EE47A /* LeBonCoinUITests.swift */ = {isa = PBXFileReference; lastKnownFileType = sourcecode.swift; path = LeBonCoinUITests.swift; sourceTree = "<group>"; };
		50F1219329C805F3000EE47A /* LeBonCoinUITestsLaunchTests.swift */ = {isa = PBXFileReference; lastKnownFileType = sourcecode.swift; path = LeBonCoinUITestsLaunchTests.swift; sourceTree = "<group>"; };
/* End PBXFileReference section */

/* Begin PBXFrameworksBuildPhase section */
		50F1216A29C805F2000EE47A /* Frameworks */ = {
			isa = PBXFrameworksBuildPhase;
			buildActionMask = 2147483647;
			files = (
			);
			runOnlyForDeploymentPostprocessing = 0;
		};
		50F1218029C805F3000EE47A /* Frameworks */ = {
			isa = PBXFrameworksBuildPhase;
			buildActionMask = 2147483647;
			files = (
			);
			runOnlyForDeploymentPostprocessing = 0;
		};
		50F1218A29C805F3000EE47A /* Frameworks */ = {
			isa = PBXFrameworksBuildPhase;
			buildActionMask = 2147483647;
			files = (
			);
			runOnlyForDeploymentPostprocessing = 0;
		};
/* End PBXFrameworksBuildPhase section */

/* Begin PBXGroup section */
		5091EDD929C8F4AB00FD1F23 /* MainNavigation */ = {
			isa = PBXGroup;
			children = (
				5091EDDA29C8F4C300FD1F23 /* MainNavigation.swift */,
			);
			path = MainNavigation;
			sourceTree = "<group>";
		};
		5091EDDC29C8F51900FD1F23 /* HomePage */ = {
			isa = PBXGroup;
			children = (
				5091EDE029C8F55500FD1F23 /* Service */,
				5091EDDF29C8F54A00FD1F23 /* Model */,
				5091EDDE29C8F53D00FD1F23 /* ViewModel */,
				5091EDDD29C8F53100FD1F23 /* View */,
			);
			path = HomePage;
			sourceTree = "<group>";
		};
		5091EDDD29C8F53100FD1F23 /* View */ = {
			isa = PBXGroup;
			children = (
				5091EDE129C8F57A00FD1F23 /* HomePageTableViewController.swift */,
				5091EDE529C8F96A00FD1F23 /* HomePageTableViewCell.swift */,
			);
			path = View;
			sourceTree = "<group>";
		};
		5091EDDE29C8F53D00FD1F23 /* ViewModel */ = {
			isa = PBXGroup;
			children = (
				5091EDF229C8FD8A00FD1F23 /* HomePageVM.swift */,
			);
			path = ViewModel;
			sourceTree = "<group>";
		};
		5091EDDF29C8F54A00FD1F23 /* Model */ = {
			isa = PBXGroup;
			children = (
				5091EDFF29C903B800FD1F23 /* Item.swift */,
			);
			path = Model;
			sourceTree = "<group>";
		};
		5091EDE029C8F55500FD1F23 /* Service */ = {
			isa = PBXGroup;
			children = (
				5091EDF629C8FDD400FD1F23 /* HomePageService.swift */,
			);
			path = Service;
			sourceTree = "<group>";
		};
		5091EDED29C8FA4200FD1F23 /* Extension */ = {
			isa = PBXGroup;
			children = (
				5091EDEE29C8FA5800FD1F23 /* UIViewExtension.swift */,
			);
			path = Extension;
			sourceTree = "<group>";
		};
		5091EDFA29C8FE2300FD1F23 /* Api */ = {
			isa = PBXGroup;
			children = (
				5091EDFB29C8FE6000FD1F23 /* ApiManager.swift */,
			);
			path = Api;
			sourceTree = "<group>";
		};
		5092EBCA29C9669600550CC9 /* DetailPage */ = {
			isa = PBXGroup;
			children = (
				5092EBCD29C9677E00550CC9 /* ViewModel */,
				5092EBCE29C967CA00550CC9 /* View */,
			);
			path = DetailPage;
			sourceTree = "<group>";
		};
		5092EBCD29C9677E00550CC9 /* ViewModel */ = {
			isa = PBXGroup;
			children = (
			);
			path = ViewModel;
			sourceTree = "<group>";
		};
		5092EBCE29C967CA00550CC9 /* View */ = {
			isa = PBXGroup;
			children = (
				5092EBCF29C969C200550CC9 /* DetailPageController.swift */,
			);
			path = View;
			sourceTree = "<group>";
		};
		50F1216429C805F2000EE47A = {
			isa = PBXGroup;
			children = (
				50F1216F29C805F2000EE47A /* LeBonCoin */,
				50F1218629C805F3000EE47A /* LeBonCoinTests */,
				50F1219029C805F3000EE47A /* LeBonCoinUITests */,
				50F1216E29C805F2000EE47A /* Products */,
			);
			sourceTree = "<group>";
		};
		50F1216E29C805F2000EE47A /* Products */ = {
			isa = PBXGroup;
			children = (
				50F1216D29C805F2000EE47A /* LeBonCoin.app */,
				50F1218329C805F3000EE47A /* LeBonCoinTests.xctest */,
				50F1218D29C805F3000EE47A /* LeBonCoinUITests.xctest */,
			);
			name = Products;
			sourceTree = "<group>";
		};
		50F1216F29C805F2000EE47A /* LeBonCoin */ = {
			isa = PBXGroup;
			children = (
				5091EDFA29C8FE2300FD1F23 /* Api */,
				5091EDED29C8FA4200FD1F23 /* Extension */,
				50F121A629C812A5000EE47A /* Utils */,
				50F121A529C81279000EE47A /* Configure */,
				50F121A029C80C34000EE47A /* Screens */,
				50F121A429C80D34000EE47A /* Synchro */,
				50F1217929C805F3000EE47A /* Assets.xcassets */,
				50F1217B29C805F3000EE47A /* LaunchScreen.storyboard */,
				50F1217E29C805F3000EE47A /* Info.plist */,
			);
			path = LeBonCoin;
			sourceTree = "<group>";
		};
		50F1218629C805F3000EE47A /* LeBonCoinTests */ = {
			isa = PBXGroup;
			children = (
				50F1218729C805F3000EE47A /* LeBonCoinTests.swift */,
			);
			path = LeBonCoinTests;
			sourceTree = "<group>";
		};
		50F1219029C805F3000EE47A /* LeBonCoinUITests */ = {
			isa = PBXGroup;
			children = (
				50F1219129C805F3000EE47A /* LeBonCoinUITests.swift */,
				50F1219329C805F3000EE47A /* LeBonCoinUITestsLaunchTests.swift */,
			);
			path = LeBonCoinUITests;
			sourceTree = "<group>";
		};
		50F121A029C80C34000EE47A /* Screens */ = {
			isa = PBXGroup;
			children = (
				5091EDDC29C8F51900FD1F23 /* HomePage */,
				5092EBCA29C9669600550CC9 /* DetailPage */,
				5091EDD929C8F4AB00FD1F23 /* MainNavigation */,
				50F121A229C80CD2000EE47A /* Filter */,
				50F121A129C80C82000EE47A /* ViewModels */,
			);
			path = Screens;
			sourceTree = "<group>";
		};
		50F121A129C80C82000EE47A /* ViewModels */ = {
			isa = PBXGroup;
			children = (
			);
			path = ViewModels;
			sourceTree = "<group>";
		};
		50F121A229C80CD2000EE47A /* Filter */ = {
			isa = PBXGroup;
			children = (
				5091EE0729C910AB00FD1F23 /* Filter.swift */,
			);
			path = Filter;
			sourceTree = "<group>";
		};
		50F121A429C80D34000EE47A /* Synchro */ = {
			isa = PBXGroup;
			children = (
			);
			path = Synchro;
			sourceTree = "<group>";
		};
		50F121A529C81279000EE47A /* Configure */ = {
			isa = PBXGroup;
			children = (
				50F1217029C805F2000EE47A /* AppDelegate.swift */,
				50F1217229C805F2000EE47A /* SceneDelegate.swift */,
			);
			path = Configure;
			sourceTree = "<group>";
		};
		50F121A629C812A5000EE47A /* Utils */ = {
			isa = PBXGroup;
			children = (
				5091EDE929C8FA0700FD1F23 /* ConstraintManager.swift */,
				5091EE0329C9055600FD1F23 /* Constant.swift */,
			);
			path = Utils;
			sourceTree = "<group>";
		};
/* End PBXGroup section */

/* Begin PBXNativeTarget section */
		50F1216C29C805F2000EE47A /* LeBonCoin */ = {
			isa = PBXNativeTarget;
			buildConfigurationList = 50F1219729C805F3000EE47A /* Build configuration list for PBXNativeTarget "LeBonCoin" */;
			buildPhases = (
				50F1216929C805F2000EE47A /* Sources */,
				50F1216A29C805F2000EE47A /* Frameworks */,
				50F1216B29C805F2000EE47A /* Resources */,
			);
			buildRules = (
			);
			dependencies = (
			);
			name = LeBonCoin;
			productName = LeBonCoin;
			productReference = 50F1216D29C805F2000EE47A /* LeBonCoin.app */;
			productType = "com.apple.product-type.application";
		};
		50F1218229C805F3000EE47A /* LeBonCoinTests */ = {
			isa = PBXNativeTarget;
			buildConfigurationList = 50F1219A29C805F3000EE47A /* Build configuration list for PBXNativeTarget "LeBonCoinTests" */;
			buildPhases = (
				50F1217F29C805F3000EE47A /* Sources */,
				50F1218029C805F3000EE47A /* Frameworks */,
				50F1218129C805F3000EE47A /* Resources */,
			);
			buildRules = (
			);
			dependencies = (
				50F1218529C805F3000EE47A /* PBXTargetDependency */,
			);
			name = LeBonCoinTests;
			productName = LeBonCoinTests;
			productReference = 50F1218329C805F3000EE47A /* LeBonCoinTests.xctest */;
			productType = "com.apple.product-type.bundle.unit-test";
		};
		50F1218C29C805F3000EE47A /* LeBonCoinUITests */ = {
			isa = PBXNativeTarget;
			buildConfigurationList = 50F1219D29C805F3000EE47A /* Build configuration list for PBXNativeTarget "LeBonCoinUITests" */;
			buildPhases = (
				50F1218929C805F3000EE47A /* Sources */,
				50F1218A29C805F3000EE47A /* Frameworks */,
				50F1218B29C805F3000EE47A /* Resources */,
			);
			buildRules = (
			);
			dependencies = (
				50F1218F29C805F3000EE47A /* PBXTargetDependency */,
			);
			name = LeBonCoinUITests;
			productName = LeBonCoinUITests;
			productReference = 50F1218D29C805F3000EE47A /* LeBonCoinUITests.xctest */;
			productType = "com.apple.product-type.bundle.ui-testing";
		};
/* End PBXNativeTarget section */

/* Begin PBXProject section */
		50F1216529C805F2000EE47A /* Project object */ = {
			isa = PBXProject;
			attributes = {
				BuildIndependentTargetsInParallel = 1;
				LastSwiftUpdateCheck = 1420;
				LastUpgradeCheck = 1420;
				TargetAttributes = {
					50F1216C29C805F2000EE47A = {
						CreatedOnToolsVersion = 14.2;
					};
					50F1218229C805F3000EE47A = {
						CreatedOnToolsVersion = 14.2;
						TestTargetID = 50F1216C29C805F2000EE47A;
					};
					50F1218C29C805F3000EE47A = {
						CreatedOnToolsVersion = 14.2;
						TestTargetID = 50F1216C29C805F2000EE47A;
					};
				};
			};
			buildConfigurationList = 50F1216829C805F2000EE47A /* Build configuration list for PBXProject "LeBonCoin" */;
			compatibilityVersion = "Xcode 14.0";
			developmentRegion = en;
			hasScannedForEncodings = 0;
			knownRegions = (
				en,
				Base,
			);
			mainGroup = 50F1216429C805F2000EE47A;
			productRefGroup = 50F1216E29C805F2000EE47A /* Products */;
			projectDirPath = "";
			projectRoot = "";
			targets = (
				50F1216C29C805F2000EE47A /* LeBonCoin */,
				50F1218229C805F3000EE47A /* LeBonCoinTests */,
				50F1218C29C805F3000EE47A /* LeBonCoinUITests */,
			);
		};
/* End PBXProject section */

/* Begin PBXResourcesBuildPhase section */
		50F1216B29C805F2000EE47A /* Resources */ = {
			isa = PBXResourcesBuildPhase;
			buildActionMask = 2147483647;
			files = (
				50F1217D29C805F3000EE47A /* LaunchScreen.storyboard in Resources */,
				50F1217A29C805F3000EE47A /* Assets.xcassets in Resources */,
			);
			runOnlyForDeploymentPostprocessing = 0;
		};
		50F1218129C805F3000EE47A /* Resources */ = {
			isa = PBXResourcesBuildPhase;
			buildActionMask = 2147483647;
			files = (
			);
			runOnlyForDeploymentPostprocessing = 0;
		};
		50F1218B29C805F3000EE47A /* Resources */ = {
			isa = PBXResourcesBuildPhase;
			buildActionMask = 2147483647;
			files = (
			);
			runOnlyForDeploymentPostprocessing = 0;
		};
/* End PBXResourcesBuildPhase section */

/* Begin PBXSourcesBuildPhase section */
		50F1216929C805F2000EE47A /* Sources */ = {
			isa = PBXSourcesBuildPhase;
			buildActionMask = 2147483647;
			files = (
				5091EDE629C8F96A00FD1F23 /* HomePageTableViewCell.swift in Sources */,
				5091EDDB29C8F4C300FD1F23 /* MainNavigation.swift in Sources */,
				5091EDFC29C8FE6000FD1F23 /* ApiManager.swift in Sources */,
				5091EDF729C8FDD400FD1F23 /* HomePageService.swift in Sources */,
				5091EDEA29C8FA0700FD1F23 /* ConstraintManager.swift in Sources */,
				50F1217129C805F2000EE47A /* AppDelegate.swift in Sources */,
				5091EE0029C903B800FD1F23 /* Item.swift in Sources */,
				5091EDF329C8FD8A00FD1F23 /* HomePageVM.swift in Sources */,
				5091EDEF29C8FA5800FD1F23 /* UIViewExtension.swift in Sources */,
				50F1217329C805F2000EE47A /* SceneDelegate.swift in Sources */,
				5091EE0829C910AB00FD1F23 /* Filter.swift in Sources */,
				5092EBD029C969C200550CC9 /* DetailPageController.swift in Sources */,
				5091EDE229C8F57A00FD1F23 /* HomePageTableViewController.swift in Sources */,
				5091EE0429C9055600FD1F23 /* Constant.swift in Sources */,
			);
			runOnlyForDeploymentPostprocessing = 0;
		};
		50F1217F29C805F3000EE47A /* Sources */ = {
			isa = PBXSourcesBuildPhase;
			buildActionMask = 2147483647;
			files = (
				5091EDFD29C8FE6000FD1F23 /* ApiManager.swift in Sources */,
				5091EE0129C903B800FD1F23 /* Item.swift in Sources */,
				5091EE0929C910AB00FD1F23 /* Filter.swift in Sources */,
				5091EDF029C8FA5800FD1F23 /* UIViewExtension.swift in Sources */,
				50F1218829C805F3000EE47A /* LeBonCoinTests.swift in Sources */,
				5092EBD129C969C200550CC9 /* DetailPageController.swift in Sources */,
				5091EDF429C8FD8A00FD1F23 /* HomePageVM.swift in Sources */,
				5091EDF829C8FDD400FD1F23 /* HomePageService.swift in Sources */,
				5091EDE729C8F96A00FD1F23 /* HomePageTableViewCell.swift in Sources */,
				5091EE0529C9055600FD1F23 /* Constant.swift in Sources */,
				5091EDEB29C8FA0700FD1F23 /* ConstraintManager.swift in Sources */,
				5091EDE329C8F57A00FD1F23 /* HomePageTableViewController.swift in Sources */,
			);
			runOnlyForDeploymentPostprocessing = 0;
		};
		50F1218929C805F3000EE47A /* Sources */ = {
			isa = PBXSourcesBuildPhase;
			buildActionMask = 2147483647;
			files = (
				5091EE0229C903B800FD1F23 /* Item.swift in Sources */,
				5091EE0A29C910AB00FD1F23 /* Filter.swift in Sources */,
				5092EBD229C969C200550CC9 /* DetailPageController.swift in Sources */,
				5091EDF129C8FA5800FD1F23 /* UIViewExtension.swift in Sources */,
				5091EDFE29C8FE6000FD1F23 /* ApiManager.swift in Sources */,
				50F1219429C805F3000EE47A /* LeBonCoinUITestsLaunchTests.swift in Sources */,
				5091EDF529C8FD8A00FD1F23 /* HomePageVM.swift in Sources */,
				50F1219229C805F3000EE47A /* LeBonCoinUITests.swift in Sources */,
				5091EDEC29C8FA0700FD1F23 /* ConstraintManager.swift in Sources */,
				5091EDE429C8F57A00FD1F23 /* HomePageTableViewController.swift in Sources */,
				5091EE0629C9055600FD1F23 /* Constant.swift in Sources */,
				5091EDE829C8F96A00FD1F23 /* HomePageTableViewCell.swift in Sources */,
				5091EDF929C8FDD400FD1F23 /* HomePageService.swift in Sources */,
			);
			runOnlyForDeploymentPostprocessing = 0;
		};
/* End PBXSourcesBuildPhase section */

/* Begin PBXTargetDependency section */
		50F1218529C805F3000EE47A /* PBXTargetDependency */ = {
			isa = PBXTargetDependency;
			target = 50F1216C29C805F2000EE47A /* LeBonCoin */;
			targetProxy = 50F1218429C805F3000EE47A /* PBXContainerItemProxy */;
		};
		50F1218F29C805F3000EE47A /* PBXTargetDependency */ = {
			isa = PBXTargetDependency;
			target = 50F1216C29C805F2000EE47A /* LeBonCoin */;
			targetProxy = 50F1218E29C805F3000EE47A /* PBXContainerItemProxy */;
		};
/* End PBXTargetDependency section */

/* Begin PBXVariantGroup section */
		50F1217B29C805F3000EE47A /* LaunchScreen.storyboard */ = {
			isa = PBXVariantGroup;
			children = (
				50F1217C29C805F3000EE47A /* Base */,
			);
			name = LaunchScreen.storyboard;
			sourceTree = "<group>";
		};
/* End PBXVariantGroup section */

/* Begin XCBuildConfiguration section */
		50F1219529C805F3000EE47A /* Debug */ = {
			isa = XCBuildConfiguration;
			buildSettings = {
				ALWAYS_SEARCH_USER_PATHS = NO;
				CLANG_ANALYZER_NONNULL = YES;
				CLANG_ANALYZER_NUMBER_OBJECT_CONVERSION = YES_AGGRESSIVE;
				CLANG_CXX_LANGUAGE_STANDARD = "gnu++20";
				CLANG_ENABLE_MODULES = YES;
				CLANG_ENABLE_OBJC_ARC = YES;
				CLANG_ENABLE_OBJC_WEAK = YES;
				CLANG_WARN_BLOCK_CAPTURE_AUTORELEASING = YES;
				CLANG_WARN_BOOL_CONVERSION = YES;
				CLANG_WARN_COMMA = YES;
				CLANG_WARN_CONSTANT_CONVERSION = YES;
				CLANG_WARN_DEPRECATED_OBJC_IMPLEMENTATIONS = YES;
				CLANG_WARN_DIRECT_OBJC_ISA_USAGE = YES_ERROR;
				CLANG_WARN_DOCUMENTATION_COMMENTS = YES;
				CLANG_WARN_EMPTY_BODY = YES;
				CLANG_WARN_ENUM_CONVERSION = YES;
				CLANG_WARN_INFINITE_RECURSION = YES;
				CLANG_WARN_INT_CONVERSION = YES;
				CLANG_WARN_NON_LITERAL_NULL_CONVERSION = YES;
				CLANG_WARN_OBJC_IMPLICIT_RETAIN_SELF = YES;
				CLANG_WARN_OBJC_LITERAL_CONVERSION = YES;
				CLANG_WARN_OBJC_ROOT_CLASS = YES_ERROR;
				CLANG_WARN_QUOTED_INCLUDE_IN_FRAMEWORK_HEADER = YES;
				CLANG_WARN_RANGE_LOOP_ANALYSIS = YES;
				CLANG_WARN_STRICT_PROTOTYPES = YES;
				CLANG_WARN_SUSPICIOUS_MOVE = YES;
				CLANG_WARN_UNGUARDED_AVAILABILITY = YES_AGGRESSIVE;
				CLANG_WARN_UNREACHABLE_CODE = YES;
				CLANG_WARN__DUPLICATE_METHOD_MATCH = YES;
				COPY_PHASE_STRIP = NO;
				DEBUG_INFORMATION_FORMAT = dwarf;
				ENABLE_STRICT_OBJC_MSGSEND = YES;
				ENABLE_TESTABILITY = YES;
				GCC_C_LANGUAGE_STANDARD = gnu11;
				GCC_DYNAMIC_NO_PIC = NO;
				GCC_NO_COMMON_BLOCKS = YES;
				GCC_OPTIMIZATION_LEVEL = 0;
				GCC_PREPROCESSOR_DEFINITIONS = (
					"DEBUG=1",
					"$(inherited)",
				);
				GCC_WARN_64_TO_32_BIT_CONVERSION = YES;
				GCC_WARN_ABOUT_RETURN_TYPE = YES_ERROR;
				GCC_WARN_UNDECLARED_SELECTOR = YES;
				GCC_WARN_UNINITIALIZED_AUTOS = YES_AGGRESSIVE;
				GCC_WARN_UNUSED_FUNCTION = YES;
				GCC_WARN_UNUSED_VARIABLE = YES;
				IPHONEOS_DEPLOYMENT_TARGET = 16.2;
				MTL_ENABLE_DEBUG_INFO = INCLUDE_SOURCE;
				MTL_FAST_MATH = YES;
				ONLY_ACTIVE_ARCH = YES;
				SDKROOT = iphoneos;
				SWIFT_ACTIVE_COMPILATION_CONDITIONS = DEBUG;
				SWIFT_OPTIMIZATION_LEVEL = "-Onone";
			};
			name = Debug;
		};
		50F1219629C805F3000EE47A /* Release */ = {
			isa = XCBuildConfiguration;
			buildSettings = {
				ALWAYS_SEARCH_USER_PATHS = NO;
				CLANG_ANALYZER_NONNULL = YES;
				CLANG_ANALYZER_NUMBER_OBJECT_CONVERSION = YES_AGGRESSIVE;
				CLANG_CXX_LANGUAGE_STANDARD = "gnu++20";
				CLANG_ENABLE_MODULES = YES;
				CLANG_ENABLE_OBJC_ARC = YES;
				CLANG_ENABLE_OBJC_WEAK = YES;
				CLANG_WARN_BLOCK_CAPTURE_AUTORELEASING = YES;
				CLANG_WARN_BOOL_CONVERSION = YES;
				CLANG_WARN_COMMA = YES;
				CLANG_WARN_CONSTANT_CONVERSION = YES;
				CLANG_WARN_DEPRECATED_OBJC_IMPLEMENTATIONS = YES;
				CLANG_WARN_DIRECT_OBJC_ISA_USAGE = YES_ERROR;
				CLANG_WARN_DOCUMENTATION_COMMENTS = YES;
				CLANG_WARN_EMPTY_BODY = YES;
				CLANG_WARN_ENUM_CONVERSION = YES;
				CLANG_WARN_INFINITE_RECURSION = YES;
				CLANG_WARN_INT_CONVERSION = YES;
				CLANG_WARN_NON_LITERAL_NULL_CONVERSION = YES;
				CLANG_WARN_OBJC_IMPLICIT_RETAIN_SELF = YES;
				CLANG_WARN_OBJC_LITERAL_CONVERSION = YES;
				CLANG_WARN_OBJC_ROOT_CLASS = YES_ERROR;
				CLANG_WARN_QUOTED_INCLUDE_IN_FRAMEWORK_HEADER = YES;
				CLANG_WARN_RANGE_LOOP_ANALYSIS = YES;
				CLANG_WARN_STRICT_PROTOTYPES = YES;
				CLANG_WARN_SUSPICIOUS_MOVE = YES;
				CLANG_WARN_UNGUARDED_AVAILABILITY = YES_AGGRESSIVE;
				CLANG_WARN_UNREACHABLE_CODE = YES;
				CLANG_WARN__DUPLICATE_METHOD_MATCH = YES;
				COPY_PHASE_STRIP = NO;
				DEBUG_INFORMATION_FORMAT = "dwarf-with-dsym";
				ENABLE_NS_ASSERTIONS = NO;
				ENABLE_STRICT_OBJC_MSGSEND = YES;
				GCC_C_LANGUAGE_STANDARD = gnu11;
				GCC_NO_COMMON_BLOCKS = YES;
				GCC_WARN_64_TO_32_BIT_CONVERSION = YES;
				GCC_WARN_ABOUT_RETURN_TYPE = YES_ERROR;
				GCC_WARN_UNDECLARED_SELECTOR = YES;
				GCC_WARN_UNINITIALIZED_AUTOS = YES_AGGRESSIVE;
				GCC_WARN_UNUSED_FUNCTION = YES;
				GCC_WARN_UNUSED_VARIABLE = YES;
				IPHONEOS_DEPLOYMENT_TARGET = 16.2;
				MTL_ENABLE_DEBUG_INFO = NO;
				MTL_FAST_MATH = YES;
				SDKROOT = iphoneos;
				SWIFT_COMPILATION_MODE = wholemodule;
				SWIFT_OPTIMIZATION_LEVEL = "-O";
				VALIDATE_PRODUCT = YES;
			};
			name = Release;
		};
		50F1219829C805F3000EE47A /* Debug */ = {
			isa = XCBuildConfiguration;
			buildSettings = {
				ASSETCATALOG_COMPILER_APPICON_NAME = AppIcon;
				ASSETCATALOG_COMPILER_GLOBAL_ACCENT_COLOR_NAME = AccentColor;
				CODE_SIGN_STYLE = Automatic;
				CURRENT_PROJECT_VERSION = 1;
				GENERATE_INFOPLIST_FILE = YES;
				INFOPLIST_FILE = LeBonCoin/Info.plist;
				INFOPLIST_KEY_UIApplicationSupportsIndirectInputEvents = YES;
				INFOPLIST_KEY_UILaunchStoryboardName = LaunchScreen;
				INFOPLIST_KEY_UISupportedInterfaceOrientations_iPad = "UIInterfaceOrientationPortrait UIInterfaceOrientationPortraitUpsideDown UIInterfaceOrientationLandscapeLeft UIInterfaceOrientationLandscapeRight";
				INFOPLIST_KEY_UISupportedInterfaceOrientations_iPhone = "UIInterfaceOrientationPortrait UIInterfaceOrientationLandscapeLeft UIInterfaceOrientationLandscapeRight";
				LD_RUNPATH_SEARCH_PATHS = (
					"$(inherited)",
					"@executable_path/Frameworks",
				);
				MARKETING_VERSION = 1.0;
				PRODUCT_BUNDLE_IDENTIFIER = com.KapongoArnaud.LeBonCoin;
				PRODUCT_NAME = "$(TARGET_NAME)";
				SWIFT_EMIT_LOC_STRINGS = YES;
				SWIFT_VERSION = 5.0;
				TARGETED_DEVICE_FAMILY = "1,2";
			};
			name = Debug;
		};
		50F1219929C805F3000EE47A /* Release */ = {
			isa = XCBuildConfiguration;
			buildSettings = {
				ASSETCATALOG_COMPILER_APPICON_NAME = AppIcon;
				ASSETCATALOG_COMPILER_GLOBAL_ACCENT_COLOR_NAME = AccentColor;
				CODE_SIGN_STYLE = Automatic;
				CURRENT_PROJECT_VERSION = 1;
				GENERATE_INFOPLIST_FILE = YES;
				INFOPLIST_FILE = LeBonCoin/Info.plist;
				INFOPLIST_KEY_UIApplicationSupportsIndirectInputEvents = YES;
				INFOPLIST_KEY_UILaunchStoryboardName = LaunchScreen;
				INFOPLIST_KEY_UISupportedInterfaceOrientations_iPad = "UIInterfaceOrientationPortrait UIInterfaceOrientationPortraitUpsideDown UIInterfaceOrientationLandscapeLeft UIInterfaceOrientationLandscapeRight";
				INFOPLIST_KEY_UISupportedInterfaceOrientations_iPhone = "UIInterfaceOrientationPortrait UIInterfaceOrientationLandscapeLeft UIInterfaceOrientationLandscapeRight";
				LD_RUNPATH_SEARCH_PATHS = (
					"$(inherited)",
					"@executable_path/Frameworks",
				);
				MARKETING_VERSION = 1.0;
				PRODUCT_BUNDLE_IDENTIFIER = com.KapongoArnaud.LeBonCoin;
				PRODUCT_NAME = "$(TARGET_NAME)";
				SWIFT_EMIT_LOC_STRINGS = YES;
				SWIFT_VERSION = 5.0;
				TARGETED_DEVICE_FAMILY = "1,2";
			};
			name = Release;
		};
		50F1219B29C805F3000EE47A /* Debug */ = {
			isa = XCBuildConfiguration;
			buildSettings = {
				ALWAYS_EMBED_SWIFT_STANDARD_LIBRARIES = YES;
				BUNDLE_LOADER = "$(TEST_HOST)";
				CODE_SIGN_STYLE = Automatic;
				CURRENT_PROJECT_VERSION = 1;
				GENERATE_INFOPLIST_FILE = YES;
				IPHONEOS_DEPLOYMENT_TARGET = 16.2;
				MARKETING_VERSION = 1.0;
				PRODUCT_BUNDLE_IDENTIFIER = com.KapongoArnaud.LeBonCoinTests;
				PRODUCT_NAME = "$(TARGET_NAME)";
				SWIFT_EMIT_LOC_STRINGS = NO;
				SWIFT_VERSION = 5.0;
				TARGETED_DEVICE_FAMILY = "1,2";
				TEST_HOST = "$(BUILT_PRODUCTS_DIR)/LeBonCoin.app/$(BUNDLE_EXECUTABLE_FOLDER_PATH)/LeBonCoin";
			};
			name = Debug;
		};
		50F1219C29C805F3000EE47A /* Release */ = {
			isa = XCBuildConfiguration;
			buildSettings = {
				ALWAYS_EMBED_SWIFT_STANDARD_LIBRARIES = YES;
				BUNDLE_LOADER = "$(TEST_HOST)";
				CODE_SIGN_STYLE = Automatic;
				CURRENT_PROJECT_VERSION = 1;
				GENERATE_INFOPLIST_FILE = YES;
				IPHONEOS_DEPLOYMENT_TARGET = 16.2;
				MARKETING_VERSION = 1.0;
				PRODUCT_BUNDLE_IDENTIFIER = com.KapongoArnaud.LeBonCoinTests;
				PRODUCT_NAME = "$(TARGET_NAME)";
				SWIFT_EMIT_LOC_STRINGS = NO;
				SWIFT_VERSION = 5.0;
				TARGETED_DEVICE_FAMILY = "1,2";
				TEST_HOST = "$(BUILT_PRODUCTS_DIR)/LeBonCoin.app/$(BUNDLE_EXECUTABLE_FOLDER_PATH)/LeBonCoin";
			};
			name = Release;
		};
		50F1219E29C805F3000EE47A /* Debug */ = {
			isa = XCBuildConfiguration;
			buildSettings = {
				ALWAYS_EMBED_SWIFT_STANDARD_LIBRARIES = YES;
				CODE_SIGN_STYLE = Automatic;
				CURRENT_PROJECT_VERSION = 1;
				GENERATE_INFOPLIST_FILE = YES;
				MARKETING_VERSION = 1.0;
				PRODUCT_BUNDLE_IDENTIFIER = com.KapongoArnaud.LeBonCoinUITests;
				PRODUCT_NAME = "$(TARGET_NAME)";
				SWIFT_EMIT_LOC_STRINGS = NO;
				SWIFT_VERSION = 5.0;
				TARGETED_DEVICE_FAMILY = "1,2";
				TEST_TARGET_NAME = LeBonCoin;
			};
			name = Debug;
		};
		50F1219F29C805F3000EE47A /* Release */ = {
			isa = XCBuildConfiguration;
			buildSettings = {
				ALWAYS_EMBED_SWIFT_STANDARD_LIBRARIES = YES;
				CODE_SIGN_STYLE = Automatic;
				CURRENT_PROJECT_VERSION = 1;
				GENERATE_INFOPLIST_FILE = YES;
				MARKETING_VERSION = 1.0;
				PRODUCT_BUNDLE_IDENTIFIER = com.KapongoArnaud.LeBonCoinUITests;
				PRODUCT_NAME = "$(TARGET_NAME)";
				SWIFT_EMIT_LOC_STRINGS = NO;
				SWIFT_VERSION = 5.0;
				TARGETED_DEVICE_FAMILY = "1,2";
				TEST_TARGET_NAME = LeBonCoin;
			};
			name = Release;
		};
/* End XCBuildConfiguration section */

/* Begin XCConfigurationList section */
		50F1216829C805F2000EE47A /* Build configuration list for PBXProject "LeBonCoin" */ = {
			isa = XCConfigurationList;
			buildConfigurations = (
				50F1219529C805F3000EE47A /* Debug */,
				50F1219629C805F3000EE47A /* Release */,
			);
			defaultConfigurationIsVisible = 0;
			defaultConfigurationName = Release;
		};
		50F1219729C805F3000EE47A /* Build configuration list for PBXNativeTarget "LeBonCoin" */ = {
			isa = XCConfigurationList;
			buildConfigurations = (
				50F1219829C805F3000EE47A /* Debug */,
				50F1219929C805F3000EE47A /* Release */,
			);
			defaultConfigurationIsVisible = 0;
			defaultConfigurationName = Release;
		};
		50F1219A29C805F3000EE47A /* Build configuration list for PBXNativeTarget "LeBonCoinTests" */ = {
			isa = XCConfigurationList;
			buildConfigurations = (
				50F1219B29C805F3000EE47A /* Debug */,
				50F1219C29C805F3000EE47A /* Release */,
			);
			defaultConfigurationIsVisible = 0;
			defaultConfigurationName = Release;
		};
		50F1219D29C805F3000EE47A /* Build configuration list for PBXNativeTarget "LeBonCoinUITests" */ = {
			isa = XCConfigurationList;
			buildConfigurations = (
				50F1219E29C805F3000EE47A /* Debug */,
				50F1219F29C805F3000EE47A /* Release */,
			);
			defaultConfigurationIsVisible = 0;
			defaultConfigurationName = Release;
		};
/* End XCConfigurationList section */
	};
	rootObject = 50F1216529C805F2000EE47A /* Project object */;
}
